
Microsoft Visual Studio Solution File, Format Version 12.00
# Visual Studio Version 17
VisualStudioVersion = 17.5.2.0
MinimumVisualStudioVersion = 10.0.40219.1
Project("{FAE04EC0-301F-11D3-BF4B-00C04F79EFBC}") = "Client", "Client.csproj", "{25F0B25F-3DF7-7766-8EBD-22B1BEA02508}"
EndProject
Project("{FAE04EC0-301F-11D3-BF4B-00C04F79EFBC}") = "Client.Tests", "..\Client.Tests\Client.Tests.csproj", "{B49960D3-C6DD-40FA-9A86-D06F0A817E0F}"
EndProject
Project("{FAE04EC0-301F-11D3-BF4B-00C04F79EFBC}") = "CodeleLogic", "..\CodeleLogic\CodeleLogic.csproj", "{070DE8D1-B4D5-480D-97E0-C885E657189F}"
EndProject
Global
	GlobalSection(SolutionConfigurationPlatforms) = preSolution
		Debug|Any CPU = Debug|Any CPU
		Debug|x64 = Debug|x64
		Debug|x86 = Debug|x86
		Release|Any CPU = Release|Any CPU
		Release|x64 = Release|x64
		Release|x86 = Release|x86
	EndGlobalSection
	GlobalSection(ProjectConfigurationPlatforms) = postSolution
		{25F0B25F-3DF7-7766-8EBD-22B1BEA02508}.Debug|Any CPU.ActiveCfg = Debug|Any CPU
		{25F0B25F-3DF7-7766-8EBD-22B1BEA02508}.Debug|Any CPU.Build.0 = Debug|Any CPU
		{25F0B25F-3DF7-7766-8EBD-22B1BEA02508}.Debug|x64.ActiveCfg = Debug|Any CPU
		{25F0B25F-3DF7-7766-8EBD-22B1BEA02508}.Debug|x64.Build.0 = Debug|Any CPU
		{25F0B25F-3DF7-7766-8EBD-22B1BEA02508}.Debug|x86.ActiveCfg = Debug|Any CPU
		{25F0B25F-3DF7-7766-8EBD-22B1BEA02508}.Debug|x86.Build.0 = Debug|Any CPU
		{25F0B25F-3DF7-7766-8EBD-22B1BEA02508}.Release|Any CPU.ActiveCfg = Release|Any CPU
		{25F0B25F-3DF7-7766-8EBD-22B1BEA02508}.Release|Any CPU.Build.0 = Release|Any CPU
		{25F0B25F-3DF7-7766-8EBD-22B1BEA02508}.Release|x64.ActiveCfg = Release|Any CPU
		{25F0B25F-3DF7-7766-8EBD-22B1BEA02508}.Release|x64.Build.0 = Release|Any CPU
		{25F0B25F-3DF7-7766-8EBD-22B1BEA02508}.Release|x86.ActiveCfg = Release|Any CPU
		{25F0B25F-3DF7-7766-8EBD-22B1BEA02508}.Release|x86.Build.0 = Release|Any CPU
		{B49960D3-C6DD-40FA-9A86-D06F0A817E0F}.Debug|Any CPU.ActiveCfg = Debug|Any CPU
		{B49960D3-C6DD-40FA-9A86-D06F0A817E0F}.Debug|Any CPU.Build.0 = Debug|Any CPU
		{B49960D3-C6DD-40FA-9A86-D06F0A817E0F}.Debug|x64.ActiveCfg = Debug|Any CPU
		{B49960D3-C6DD-40FA-9A86-D06F0A817E0F}.Debug|x64.Build.0 = Debug|Any CPU
		{B49960D3-C6DD-40FA-9A86-D06F0A817E0F}.Debug|x86.ActiveCfg = Debug|Any CPU
		{B49960D3-C6DD-40FA-9A86-D06F0A817E0F}.Debug|x86.Build.0 = Debug|Any CPU
		{B49960D3-C6DD-40FA-9A86-D06F0A817E0F}.Release|Any CPU.ActiveCfg = Release|Any CPU
		{B49960D3-C6DD-40FA-9A86-D06F0A817E0F}.Release|Any CPU.Build.0 = Release|Any CPU
		{B49960D3-C6DD-40FA-9A86-D06F0A817E0F}.Release|x64.ActiveCfg = Release|Any CPU
		{B49960D3-C6DD-40FA-9A86-D06F0A817E0F}.Release|x64.Build.0 = Release|Any CPU
		{B49960D3-C6DD-40FA-9A86-D06F0A817E0F}.Release|x86.ActiveCfg = Release|Any CPU
		{B49960D3-C6DD-40FA-9A86-D06F0A817E0F}.Release|x86.Build.0 = Release|Any CPU
		{070DE8D1-B4D5-480D-97E0-C885E657189F}.Debug|Any CPU.ActiveCfg = Debug|Any CPU
		{070DE8D1-B4D5-480D-97E0-C885E657189F}.Debug|Any CPU.Build.0 = Debug|Any CPU
		{070DE8D1-B4D5-480D-97E0-C885E657189F}.Debug|x64.ActiveCfg = Debug|Any CPU
		{070DE8D1-B4D5-480D-97E0-C885E657189F}.Debug|x64.Build.0 = Debug|Any CPU
		{070DE8D1-B4D5-480D-97E0-C885E657189F}.Debug|x86.ActiveCfg = Debug|Any CPU
		{070DE8D1-B4D5-480D-97E0-C885E657189F}.Debug|x86.Build.0 = Debug|Any CPU
		{070DE8D1-B4D5-480D-97E0-C885E657189F}.Release|Any CPU.ActiveCfg = Release|Any CPU
		{070DE8D1-B4D5-480D-97E0-C885E657189F}.Release|Any CPU.Build.0 = Release|Any CPU
		{070DE8D1-B4D5-480D-97E0-C885E657189F}.Release|x64.ActiveCfg = Release|Any CPU
		{070DE8D1-B4D5-480D-97E0-C885E657189F}.Release|x64.Build.0 = Release|Any CPU
		{070DE8D1-B4D5-480D-97E0-C885E657189F}.Release|x86.ActiveCfg = Release|Any CPU
		{070DE8D1-B4D5-480D-97E0-C885E657189F}.Release|x86.Build.0 = Release|Any CPU
	EndGlobalSection
	GlobalSection(SolutionProperties) = preSolution
		HideSolutionNode = FALSE
	EndGlobalSection
	GlobalSection(ExtensibilityGlobals) = postSolution
		SolutionGuid = {94CB2278-589C-42DE-9F0D-3B919CF77ABF}
	EndGlobalSection
EndGlobal
